
Microsoft Visual Studio Solution File, Format Version 12.00
# Visual Studio Version 16
VisualStudioVersion = 16.0.29215.179
MinimumVisualStudioVersion = 10.0.40219.1
Project("{FAE04EC0-301F-11D3-BF4B-00C04F79EFBC}") = "AES.EncryptDecrypt", "AES.EncryptDecrypt\AES.EncryptDecrypt.csproj", "{9103FB3E-39C3-4907-B1F3-86CDDE0F1F79}"
EndProject
Project("{FAE04EC0-301F-11D3-BF4B-00C04F79EFBC}") = "AES.UI", "AES.UI\AES.UI.csproj", "{298F213E-5128-4BF2-9C4A-E476D1C2C7D8}"
EndProject
Global
	GlobalSection(SolutionConfigurationPlatforms) = preSolution
		Debug|Any CPU = Debug|Any CPU
		Release|Any CPU = Release|Any CPU
	EndGlobalSection
	GlobalSection(ProjectConfigurationPlatforms) = postSolution
		{9103FB3E-39C3-4907-B1F3-86CDDE0F1F79}.Debug|Any CPU.ActiveCfg = Debug|Any CPU
		{9103FB3E-39C3-4907-B1F3-86CDDE0F1F79}.Debug|Any CPU.Build.0 = Debug|Any CPU
		{9103FB3E-39C3-4907-B1F3-86CDDE0F1F79}.Release|Any CPU.ActiveCfg = Release|Any CPU
		{9103FB3E-39C3-4907-B1F3-86CDDE0F1F79}.Release|Any CPU.Build.0 = Release|Any CPU
		{298F213E-5128-4BF2-9C4A-E476D1C2C7D8}.Debug|Any CPU.ActiveCfg = Debug|Any CPU
		{298F213E-5128-4BF2-9C4A-E476D1C2C7D8}.Debug|Any CPU.Build.0 = Debug|Any CPU
		{298F213E-5128-4BF2-9C4A-E476D1C2C7D8}.Release|Any CPU.ActiveCfg = Release|Any CPU
		{298F213E-5128-4BF2-9C4A-E476D1C2C7D8}.Release|Any CPU.Build.0 = Release|Any CPU
	EndGlobalSection
	GlobalSection(SolutionProperties) = preSolution
		HideSolutionNode = FALSE
	EndGlobalSection
	GlobalSection(ExtensibilityGlobals) = postSolution
		SolutionGuid = {3E018530-1DB1-43FF-A3A7-850D59F1AEF4}
	EndGlobalSection
EndGlobal
